
Microsoft Visual Studio Solution File, Format Version 12.00
# Visual Studio 15
VisualStudioVersion = 15.0.28307.421
MinimumVisualStudioVersion = 10.0.40219.1
Project("{FAE04EC0-301F-11D3-BF4B-00C04F79EFBC}") = "PentaStagiuFirstHomework", "PentaStagiuFirstHomework\PentaStagiuFirstHomework.csproj", "{84A8C55B-ADB2-41F7-AFFC-261C916D433D}"
EndProject
Global
	GlobalSection(SolutionConfigurationPlatforms) = preSolution
		Debug|Any CPU = Debug|Any CPU
		Release|Any CPU = Release|Any CPU
	EndGlobalSection
	GlobalSection(ProjectConfigurationPlatforms) = postSolution
		{84A8C55B-ADB2-41F7-AFFC-261C916D433D}.Debug|Any CPU.ActiveCfg = Debug|Any CPU
		{84A8C55B-ADB2-41F7-AFFC-261C916D433D}.Debug|Any CPU.Build.0 = Debug|Any CPU
		{84A8C55B-ADB2-41F7-AFFC-261C916D433D}.Release|Any CPU.ActiveCfg = Release|Any CPU
		{84A8C55B-ADB2-41F7-AFFC-261C916D433D}.Release|Any CPU.Build.0 = Release|Any CPU
	EndGlobalSection
	GlobalSection(SolutionProperties) = preSolution
		HideSolutionNode = FALSE
	EndGlobalSection
	GlobalSection(ExtensibilityGlobals) = postSolution
		SolutionGuid = {207E8FFB-1AE7-4F2A-8B0A-1BCED115112A}
	EndGlobalSection
EndGlobal
